
Microsoft Visual Studio Solution File, Format Version 12.00
# Visual Studio Version 16
VisualStudioVersion = 16.0.31410.357
MinimumVisualStudioVersion = 10.0.40219.1
Project("{FAE04EC0-301F-11D3-BF4B-00C04F79EFBC}") = "UD4E21", "UD4E21\UD4E21.csproj", "{0B8FB56D-FE67-411C-8213-5B93064E10CC}"
EndProject
Global
	GlobalSection(SolutionConfigurationPlatforms) = preSolution
		Debug|Any CPU = Debug|Any CPU
		Release|Any CPU = Release|Any CPU
	EndGlobalSection
	GlobalSection(ProjectConfigurationPlatforms) = postSolution
		{0B8FB56D-FE67-411C-8213-5B93064E10CC}.Debug|Any CPU.ActiveCfg = Debug|Any CPU
		{0B8FB56D-FE67-411C-8213-5B93064E10CC}.Debug|Any CPU.Build.0 = Debug|Any CPU
		{0B8FB56D-FE67-411C-8213-5B93064E10CC}.Release|Any CPU.ActiveCfg = Release|Any CPU
		{0B8FB56D-FE67-411C-8213-5B93064E10CC}.Release|Any CPU.Build.0 = Release|Any CPU
	EndGlobalSection
	GlobalSection(SolutionProperties) = preSolution
		HideSolutionNode = FALSE
	EndGlobalSection
	GlobalSection(ExtensibilityGlobals) = postSolution
		SolutionGuid = {379F3AFF-3C53-4C89-B5E5-D21314F3211E}
	EndGlobalSection
EndGlobal
